
Microsoft Visual Studio Solution File, Format Version 12.00
# Visual Studio Version 17
VisualStudioVersion = 17.5.33516.290
MinimumVisualStudioVersion = 10.0.40219.1
Project("{FAE04EC0-301F-11D3-BF4B-00C04F79EFBC}") = "Ex03.ConsoleUI", "Ex03.ConsoleUI\Ex03.ConsoleUI.csproj", "{1A71A4DA-E826-4A0D-BB80-044F393832C4}"
EndProject
Project("{FAE04EC0-301F-11D3-BF4B-00C04F79EFBC}") = "Ex03.GarageLogic", "Ex03.GarageLogic\Ex03.GarageLogic.csproj", "{F6E9C870-EF92-4C2C-81CD-0F9CDD4C1AE5}"
EndProject
Global
	GlobalSection(SolutionConfigurationPlatforms) = preSolution
		Debug|Any CPU = Debug|Any CPU
		Release|Any CPU = Release|Any CPU
	EndGlobalSection
	GlobalSection(ProjectConfigurationPlatforms) = postSolution
		{1A71A4DA-E826-4A0D-BB80-044F393832C4}.Debug|Any CPU.ActiveCfg = Debug|Any CPU
		{1A71A4DA-E826-4A0D-BB80-044F393832C4}.Debug|Any CPU.Build.0 = Debug|Any CPU
		{1A71A4DA-E826-4A0D-BB80-044F393832C4}.Release|Any CPU.ActiveCfg = Release|Any CPU
		{1A71A4DA-E826-4A0D-BB80-044F393832C4}.Release|Any CPU.Build.0 = Release|Any CPU
		{F6E9C870-EF92-4C2C-81CD-0F9CDD4C1AE5}.Debug|Any CPU.ActiveCfg = Debug|Any CPU
		{F6E9C870-EF92-4C2C-81CD-0F9CDD4C1AE5}.Debug|Any CPU.Build.0 = Debug|Any CPU
		{F6E9C870-EF92-4C2C-81CD-0F9CDD4C1AE5}.Release|Any CPU.ActiveCfg = Release|Any CPU
		{F6E9C870-EF92-4C2C-81CD-0F9CDD4C1AE5}.Release|Any CPU.Build.0 = Release|Any CPU
	EndGlobalSection
	GlobalSection(SolutionProperties) = preSolution
		HideSolutionNode = FALSE
	EndGlobalSection
	GlobalSection(ExtensibilityGlobals) = postSolution
		SolutionGuid = {80DA2765-DE0E-4ECE-BCBD-78946C5E1886}
	EndGlobalSection
EndGlobal
